// !$*UTF8*$!
{
	archiveVersion = 1;
	classes = {
	};
	objectVersion = 50;
	objects = {

/* Begin PBXBuildFile section */
		5943E1A8251443550016D02C /* AppDelegate.m in Sources */ = {isa = PBXBuildFile; fileRef = 5943E1A7251443550016D02C /* AppDelegate.m */; };
		5943E1AE251443550016D02C /* ViewController.m in Sources */ = {isa = PBXBuildFile; fileRef = 5943E1AD251443550016D02C /* ViewController.m */; };
		5943E1B1251443550016D02C /* Main.storyboard in Resources */ = {isa = PBXBuildFile; fileRef = 5943E1AF251443550016D02C /* Main.storyboard */; };
		5943E1B3251443580016D02C /* Assets.xcassets in Resources */ = {isa = PBXBuildFile; fileRef = 5943E1B2251443580016D02C /* Assets.xcassets */; };
		5943E1B6251443580016D02C /* LaunchScreen.storyboard in Resources */ = {isa = PBXBuildFile; fileRef = 5943E1B4251443580016D02C /* LaunchScreen.storyboard */; };
		5943E1B9251443580016D02C /* main.m in Sources */ = {isa = PBXBuildFile; fileRef = 5943E1B8251443580016D02C /* main.m */; };
		5943E1C3251443580016D02C /* WQMagicImageTests.m in Sources */ = {isa = PBXBuildFile; fileRef = 5943E1C2251443580016D02C /* WQMagicImageTests.m */; };
		5943E1CE251443580016D02C /* WQMagicImageUITests.m in Sources */ = {isa = PBXBuildFile; fileRef = 5943E1CD251443580016D02C /* WQMagicImageUITests.m */; };
		5943E1DE2519A62C0016D02C /* SizeHeightWithContent.m in Sources */ = {isa = PBXBuildFile; fileRef = 5943E1DD2519A62C0016D02C /* SizeHeightWithContent.m */; };
		5943E1E2251B26AD0016D02C /* MainViewController.m in Sources */ = {isa = PBXBuildFile; fileRef = 5943E1E1251B26AD0016D02C /* MainViewController.m */; };
		7CB8B2823563E5F03E7314C1 /* libPods-WQMagicImage.a in Frameworks */ = {isa = PBXBuildFile; fileRef = 5C9A2EE59E22044DE8B1E29C /* libPods-WQMagicImage.a */; };
/* End PBXBuildFile section */

/* Begin PBXContainerItemProxy section */
		5943E1BF251443580016D02C /* PBXContainerItemProxy */ = {
			isa = PBXContainerItemProxy;
			containerPortal = 5943E19B251443550016D02C /* Project object */;
			proxyType = 1;
			remoteGlobalIDString = 5943E1A2251443550016D02C;
			remoteInfo = WQMagicImage;
		};
		5943E1CA251443580016D02C /* PBXContainerItemProxy */ = {
			isa = PBXContainerItemProxy;
			containerPortal = 5943E19B251443550016D02C /* Project object */;
			proxyType = 1;
			remoteGlobalIDString = 5943E1A2251443550016D02C;
			remoteInfo = WQMagicImage;
		};
/* End PBXContainerItemProxy section */

/* Begin PBXFileReference section */
		5943E1A3251443550016D02C /* WQMagicImage.app */ = {isa = PBXFileReference; explicitFileType = wrapper.application; includeInIndex = 0; path = WQMagicImage.app; sourceTree = BUILT_PRODUCTS_DIR; };
		5943E1A6251443550016D02C /* AppDelegate.h */ = {isa = PBXFileReference; lastKnownFileType = sourcecode.c.h; path = AppDelegate.h; sourceTree = "<group>"; };
		5943E1A7251443550016D02C /* AppDelegate.m */ = {isa = PBXFileReference; lastKnownFileType = sourcecode.c.objc; path = AppDelegate.m; sourceTree = "<group>"; };
		5943E1AC251443550016D02C /* ViewController.h */ = {isa = PBXFileReference; lastKnownFileType = sourcecode.c.h; path = ViewController.h; sourceTree = "<group>"; };
		5943E1AD251443550016D02C /* ViewController.m */ = {isa = PBXFileReference; lastKnownFileType = sourcecode.c.objc; path = ViewController.m; sourceTree = "<group>"; };
		5943E1B0251443550016D02C /* Base */ = {isa = PBXFileReference; lastKnownFileType = file.storyboard; name = Base; path = Base.lproj/Main.storyboard; sourceTree = "<group>"; };
		5943E1B2251443580016D02C /* Assets.xcassets */ = {isa = PBXFileReference; lastKnownFileType = folder.assetcatalog; path = Assets.xcassets; sourceTree = "<group>"; };
		5943E1B5251443580016D02C /* Base */ = {isa = PBXFileReference; lastKnownFileType = file.storyboard; name = Base; path = Base.lproj/LaunchScreen.storyboard; sourceTree = "<group>"; };
		5943E1B7251443580016D02C /* Info.plist */ = {isa = PBXFileReference; lastKnownFileType = text.plist.xml; path = Info.plist; sourceTree = "<group>"; };
		5943E1B8251443580016D02C /* main.m */ = {isa = PBXFileReference; lastKnownFileType = sourcecode.c.objc; path = main.m; sourceTree = "<group>"; };
		5943E1BE251443580016D02C /* WQMagicImageTests.xctest */ = {isa = PBXFileReference; explicitFileType = wrapper.cfbundle; includeInIndex = 0; path = WQMagicImageTests.xctest; sourceTree = BUILT_PRODUCTS_DIR; };
		5943E1C2251443580016D02C /* WQMagicImageTests.m */ = {isa = PBXFileReference; lastKnownFileType = sourcecode.c.objc; path = WQMagicImageTests.m; sourceTree = "<group>"; };
		5943E1C4251443580016D02C /* Info.plist */ = {isa = PBXFileReference; lastKnownFileType = text.plist.xml; path = Info.plist; sourceTree = "<group>"; };
		5943E1C9251443580016D02C /* WQMagicImageUITests.xctest */ = {isa = PBXFileReference; explicitFileType = wrapper.cfbundle; includeInIndex = 0; path = WQMagicImageUITests.xctest; sourceTree = BUILT_PRODUCTS_DIR; };
		5943E1CD251443580016D02C /* WQMagicImageUITests.m */ = {isa = PBXFileReference; lastKnownFileType = sourcecode.c.objc; path = WQMagicImageUITests.m; sourceTree = "<group>"; };
		5943E1CF251443580016D02C /* Info.plist */ = {isa = PBXFileReference; lastKnownFileType = text.plist.xml; path = Info.plist; sourceTree = "<group>"; };
		5943E1DC2519A62C0016D02C /* SizeHeightWithContent.h */ = {isa = PBXFileReference; lastKnownFileType = sourcecode.c.h; path = SizeHeightWithContent.h; sourceTree = "<group>"; };
		5943E1DD2519A62C0016D02C /* SizeHeightWithContent.m */ = {isa = PBXFileReference; lastKnownFileType = sourcecode.c.objc; path = SizeHeightWithContent.m; sourceTree = "<group>"; };
		5943E1E0251B26AD0016D02C /* MainViewController.h */ = {isa = PBXFileReference; lastKnownFileType = sourcecode.c.h; path = MainViewController.h; sourceTree = "<group>"; };
		5943E1E1251B26AD0016D02C /* MainViewController.m */ = {isa = PBXFileReference; lastKnownFileType = sourcecode.c.objc; path = MainViewController.m; sourceTree = "<group>"; };
		5C9A2EE59E22044DE8B1E29C /* libPods-WQMagicImage.a */ = {isa = PBXFileReference; explicitFileType = archive.ar; includeInIndex = 0; path = "libPods-WQMagicImage.a"; sourceTree = BUILT_PRODUCTS_DIR; };
		A095BD0248442FAD1A4F86E2 /* Pods-WQMagicImage.debug.xcconfig */ = {isa = PBXFileReference; includeInIndex = 1; lastKnownFileType = text.xcconfig; name = "Pods-WQMagicImage.debug.xcconfig"; path = "Target Support Files/Pods-WQMagicImage/Pods-WQMagicImage.debug.xcconfig"; sourceTree = "<group>"; };
		B5A5D2C621C4893DCC21A31E /* Pods-WQMagicImage.release.xcconfig */ = {isa = PBXFileReference; includeInIndex = 1; lastKnownFileType = text.xcconfig; name = "Pods-WQMagicImage.release.xcconfig"; path = "Target Support Files/Pods-WQMagicImage/Pods-WQMagicImage.release.xcconfig"; sourceTree = "<group>"; };
/* End PBXFileReference section */

/* Begin PBXFrameworksBuildPhase section */
		5943E1A0251443550016D02C /* Frameworks */ = {
			isa = PBXFrameworksBuildPhase;
			buildActionMask = 2147483647;
			files = (
				7CB8B2823563E5F03E7314C1 /* libPods-WQMagicImage.a in Frameworks */,
			);
			runOnlyForDeploymentPostprocessing = 0;
		};
		5943E1BB251443580016D02C /* Frameworks */ = {
			isa = PBXFrameworksBuildPhase;
			buildActionMask = 2147483647;
			files = (
			);
			runOnlyForDeploymentPostprocessing = 0;
		};
		5943E1C6251443580016D02C /* Frameworks */ = {
			isa = PBXFrameworksBuildPhase;
			buildActionMask = 2147483647;
			files = (
			);
			runOnlyForDeploymentPostprocessing = 0;
		};
/* End PBXFrameworksBuildPhase section */

/* Begin PBXGroup section */
		5943E19A251443550016D02C = {
			isa = PBXGroup;
			children = (
				5943E1A5251443550016D02C /* WQMagicImage */,
				5943E1C1251443580016D02C /* WQMagicImageTests */,
				5943E1CC251443580016D02C /* WQMagicImageUITests */,
				5943E1A4251443550016D02C /* Products */,
				B25F4EB2BAA592CA6EABE4DC /* Pods */,
				F87A754F3C9BCB993819EF34 /* Frameworks */,
			);
			sourceTree = "<group>";
		};
		5943E1A4251443550016D02C /* Products */ = {
			isa = PBXGroup;
			children = (
				5943E1A3251443550016D02C /* WQMagicImage.app */,
				5943E1BE251443580016D02C /* WQMagicImageTests.xctest */,
				5943E1C9251443580016D02C /* WQMagicImageUITests.xctest */,
			);
			name = Products;
			sourceTree = "<group>";
		};
		5943E1A5251443550016D02C /* WQMagicImage */ = {
			isa = PBXGroup;
			children = (
				5943E1A6251443550016D02C /* AppDelegate.h */,
				5943E1A7251443550016D02C /* AppDelegate.m */,
				5943E1DC2519A62C0016D02C /* SizeHeightWithContent.h */,
				5943E1DD2519A62C0016D02C /* SizeHeightWithContent.m */,
				5943E1AC251443550016D02C /* ViewController.h */,
				5943E1AD251443550016D02C /* ViewController.m */,
				5943E1E0251B26AD0016D02C /* MainViewController.h */,
				5943E1E1251B26AD0016D02C /* MainViewController.m */,
				5943E1AF251443550016D02C /* Main.storyboard */,
				5943E1B2251443580016D02C /* Assets.xcassets */,
				5943E1B4251443580016D02C /* LaunchScreen.storyboard */,
				5943E1B7251443580016D02C /* Info.plist */,
				5943E1B8251443580016D02C /* main.m */,
			);
			path = WQMagicImage;
			sourceTree = "<group>";
		};
		5943E1C1251443580016D02C /* WQMagicImageTests */ = {
			isa = PBXGroup;
			children = (
				5943E1C2251443580016D02C /* WQMagicImageTests.m */,
				5943E1C4251443580016D02C /* Info.plist */,
			);
			path = WQMagicImageTests;
			sourceTree = "<group>";
		};
		5943E1CC251443580016D02C /* WQMagicImageUITests */ = {
			isa = PBXGroup;
			children = (
				5943E1CD251443580016D02C /* WQMagicImageUITests.m */,
				5943E1CF251443580016D02C /* Info.plist */,
			);
			path = WQMagicImageUITests;
			sourceTree = "<group>";
		};
		B25F4EB2BAA592CA6EABE4DC /* Pods */ = {
			isa = PBXGroup;
			children = (
				A095BD0248442FAD1A4F86E2 /* Pods-WQMagicImage.debug.xcconfig */,
				B5A5D2C621C4893DCC21A31E /* Pods-WQMagicImage.release.xcconfig */,
			);
			path = Pods;
			sourceTree = "<group>";
		};
		F87A754F3C9BCB993819EF34 /* Frameworks */ = {
			isa = PBXGroup;
			children = (
				5C9A2EE59E22044DE8B1E29C /* libPods-WQMagicImage.a */,
			);
			name = Frameworks;
			sourceTree = "<group>";
		};
/* End PBXGroup section */

/* Begin PBXNativeTarget section */
		5943E1A2251443550016D02C /* WQMagicImage */ = {
			isa = PBXNativeTarget;
			buildConfigurationList = 5943E1D2251443580016D02C /* Build configuration list for PBXNativeTarget "WQMagicImage" */;
			buildPhases = (
				1F844106138DA5A3B5B7508B /* [CP] Check Pods Manifest.lock */,
				5943E19F251443550016D02C /* Sources */,
				5943E1A0251443550016D02C /* Frameworks */,
				5943E1A1251443550016D02C /* Resources */,
			);
			buildRules = (
			);
			dependencies = (
			);
			name = WQMagicImage;
			productName = WQMagicImage;
			productReference = 5943E1A3251443550016D02C /* WQMagicImage.app */;
			productType = "com.apple.product-type.application";
		};
		5943E1BD251443580016D02C /* WQMagicImageTests */ = {
			isa = PBXNativeTarget;
			buildConfigurationList = 5943E1D5251443580016D02C /* Build configuration list for PBXNativeTarget "WQMagicImageTests" */;
			buildPhases = (
				5943E1BA251443580016D02C /* Sources */,
				5943E1BB251443580016D02C /* Frameworks */,
				5943E1BC251443580016D02C /* Resources */,
			);
			buildRules = (
			);
			dependencies = (
				5943E1C0251443580016D02C /* PBXTargetDependency */,
			);
			name = WQMagicImageTests;
			productName = WQMagicImageTests;
			productReference = 5943E1BE251443580016D02C /* WQMagicImageTests.xctest */;
			productType = "com.apple.product-type.bundle.unit-test";
		};
		5943E1C8251443580016D02C /* WQMagicImageUITests */ = {
			isa = PBXNativeTarget;
			buildConfigurationList = 5943E1D8251443580016D02C /* Build configuration list for PBXNativeTarget "WQMagicImageUITests" */;
			buildPhases = (
				5943E1C5251443580016D02C /* Sources */,
				5943E1C6251443580016D02C /* Frameworks */,
				5943E1C7251443580016D02C /* Resources */,
			);
			buildRules = (
			);
			dependencies = (
				5943E1CB251443580016D02C /* PBXTargetDependency */,
			);
			name = WQMagicImageUITests;
			productName = WQMagicImageUITests;
			productReference = 5943E1C9251443580016D02C /* WQMagicImageUITests.xctest */;
			productType = "com.apple.product-type.bundle.ui-testing";
		};
/* End PBXNativeTarget section */

/* Begin PBXProject section */
		5943E19B251443550016D02C /* Project object */ = {
			isa = PBXProject;
			attributes = {
				LastUpgradeCheck = 1170;
				ORGANIZATIONNAME = "王其飞";
				TargetAttributes = {
					5943E1A2251443550016D02C = {
						CreatedOnToolsVersion = 11.7;
					};
					5943E1BD251443580016D02C = {
						CreatedOnToolsVersion = 11.7;
						TestTargetID = 5943E1A2251443550016D02C;
					};
					5943E1C8251443580016D02C = {
						CreatedOnToolsVersion = 11.7;
						TestTargetID = 5943E1A2251443550016D02C;
					};
				};
			};
			buildConfigurationList = 5943E19E251443550016D02C /* Build configuration list for PBXProject "WQMagicImage" */;
			compatibilityVersion = "Xcode 9.3";
			developmentRegion = en;
			hasScannedForEncodings = 0;
			knownRegions = (
				en,
				Base,
			);
			mainGroup = 5943E19A251443550016D02C;
			productRefGroup = 5943E1A4251443550016D02C /* Products */;
			projectDirPath = "";
			projectRoot = "";
			targets = (
				5943E1A2251443550016D02C /* WQMagicImage */,
				5943E1BD251443580016D02C /* WQMagicImageTests */,
				5943E1C8251443580016D02C /* WQMagicImageUITests */,
			);
		};
/* End PBXProject section */

/* Begin PBXResourcesBuildPhase section */
		5943E1A1251443550016D02C /* Resources */ = {
			isa = PBXResourcesBuildPhase;
			buildActionMask = 2147483647;
			files = (
				5943E1B6251443580016D02C /* LaunchScreen.storyboard in Resources */,
				5943E1B3251443580016D02C /* Assets.xcassets in Resources */,
				5943E1B1251443550016D02C /* Main.storyboard in Resources */,
			);
			runOnlyForDeploymentPostprocessing = 0;
		};
		5943E1BC251443580016D02C /* Resources */ = {
			isa = PBXResourcesBuildPhase;
			buildActionMask = 2147483647;
			files = (
			);
			runOnlyForDeploymentPostprocessing = 0;
		};
		5943E1C7251443580016D02C /* Resources */ = {
			isa = PBXResourcesBuildPhase;
			buildActionMask = 2147483647;
			files = (
			);
			runOnlyForDeploymentPostprocessing = 0;
		};
/* End PBXResourcesBuildPhase section */

/* Begin PBXShellScriptBuildPhase section */
		1F844106138DA5A3B5B7508B /* [CP] Check Pods Manifest.lock */ = {
			isa = PBXShellScriptBuildPhase;
			buildActionMask = 2147483647;
			files = (
			);
			inputFileListPaths = (
			);
			inputPaths = (
				"${PODS_PODFILE_DIR_PATH}/Podfile.lock",
				"${PODS_ROOT}/Manifest.lock",
			);
			name = "[CP] Check Pods Manifest.lock";
			outputFileListPaths = (
			);
			outputPaths = (
				"$(DERIVED_FILE_DIR)/Pods-WQMagicImage-checkManifestLockResult.txt",
			);
			runOnlyForDeploymentPostprocessing = 0;
			shellPath = /bin/sh;
			shellScript = "diff \"${PODS_PODFILE_DIR_PATH}/Podfile.lock\" \"${PODS_ROOT}/Manifest.lock\" > /dev/null\nif [ $? != 0 ] ; then\n    # print error to STDERR\n    echo \"error: The sandbox is not in sync with the Podfile.lock. Run 'pod install' or update your CocoaPods installation.\" >&2\n    exit 1\nfi\n# This output is used by Xcode 'outputs' to avoid re-running this script phase.\necho \"SUCCESS\" > \"${SCRIPT_OUTPUT_FILE_0}\"\n";
			showEnvVarsInLog = 0;
		};
/* End PBXShellScriptBuildPhase section */

/* Begin PBXSourcesBuildPhase section */
		5943E19F251443550016D02C /* Sources */ = {
			isa = PBXSourcesBuildPhase;
			buildActionMask = 2147483647;
			files = (
				5943E1AE251443550016D02C /* ViewController.m in Sources */,
				5943E1DE2519A62C0016D02C /* SizeHeightWithContent.m in Sources */,
				5943E1A8251443550016D02C /* AppDelegate.m in Sources */,
				5943E1E2251B26AD0016D02C /* MainViewController.m in Sources */,
				5943E1B9251443580016D02C /* main.m in Sources */,
			);
			runOnlyForDeploymentPostprocessing = 0;
		};
		5943E1BA251443580016D02C /* Sources */ = {
			isa = PBXSourcesBuildPhase;
			buildActionMask = 2147483647;
			files = (
				5943E1C3251443580016D02C /* WQMagicImageTests.m in Sources */,
			);
			runOnlyForDeploymentPostprocessing = 0;
		};
		5943E1C5251443580016D02C /* Sources */ = {
			isa = PBXSourcesBuildPhase;
			buildActionMask = 2147483647;
			files = (
				5943E1CE251443580016D02C /* WQMagicImageUITests.m in Sources */,
			);
			runOnlyForDeploymentPostprocessing = 0;
		};
/* End PBXSourcesBuildPhase section */

/* Begin PBXTargetDependency section */
		5943E1C0251443580016D02C /* PBXTargetDependency */ = {
			isa = PBXTargetDependency;
			target = 5943E1A2251443550016D02C /* WQMagicImage */;
			targetProxy = 5943E1BF251443580016D02C /* PBXContainerItemProxy */;
		};
		5943E1CB251443580016D02C /* PBXTargetDependency */ = {
			isa = PBXTargetDependency;
			target = 5943E1A2251443550016D02C /* WQMagicImage */;
			targetProxy = 5943E1CA251443580016D02C /* PBXContainerItemProxy */;
		};
/* End PBXTargetDependency section */

/* Begin PBXVariantGroup section */
		5943E1AF251443550016D02C /* Main.storyboard */ = {
			isa = PBXVariantGroup;
			children = (
				5943E1B0251443550016D02C /* Base */,
			);
			name = Main.storyboard;
			sourceTree = "<group>";
		};
		5943E1B4251443580016D02C /* LaunchScreen.storyboard */ = {
			isa = PBXVariantGroup;
			children = (
				5943E1B5251443580016D02C /* Base */,
			);
			name = LaunchScreen.storyboard;
			sourceTree = "<group>";
		};
/* End PBXVariantGroup section */

/* Begin XCBuildConfiguration section */
		5943E1D0251443580016D02C /* Debug */ = {
			isa = XCBuildConfiguration;
			buildSettings = {
				ALWAYS_SEARCH_USER_PATHS = NO;
				CLANG_ANALYZER_NONNULL = YES;
				CLANG_ANALYZER_NUMBER_OBJECT_CONVERSION = YES_AGGRESSIVE;
				CLANG_CXX_LANGUAGE_STANDARD = "gnu++14";
				CLANG_CXX_LIBRARY = "libc++";
				CLANG_ENABLE_MODULES = YES;
				CLANG_ENABLE_OBJC_ARC = YES;
				CLANG_ENABLE_OBJC_WEAK = YES;
				CLANG_WARN_BLOCK_CAPTURE_AUTORELEASING = YES;
				CLANG_WARN_BOOL_CONVERSION = YES;
				CLANG_WARN_COMMA = YES;
				CLANG_WARN_CONSTANT_CONVERSION = YES;
				CLANG_WARN_DEPRECATED_OBJC_IMPLEMENTATIONS = YES;
				CLANG_WARN_DIRECT_OBJC_ISA_USAGE = YES_ERROR;
				CLANG_WARN_DOCUMENTATION_COMMENTS = YES;
				CLANG_WARN_EMPTY_BODY = YES;
				CLANG_WARN_ENUM_CONVERSION = YES;
				CLANG_WARN_INFINITE_RECURSION = YES;
				CLANG_WARN_INT_CONVERSION = YES;
				CLANG_WARN_NON_LITERAL_NULL_CONVERSION = YES;
				CLANG_WARN_OBJC_IMPLICIT_RETAIN_SELF = YES;
				CLANG_WARN_OBJC_LITERAL_CONVERSION = YES;
				CLANG_WARN_OBJC_ROOT_CLASS = YES_ERROR;
				CLANG_WARN_RANGE_LOOP_ANALYSIS = YES;
				CLANG_WARN_STRICT_PROTOTYPES = YES;
				CLANG_WARN_SUSPICIOUS_MOVE = YES;
				CLANG_WARN_UNGUARDED_AVAILABILITY = YES_AGGRESSIVE;
				CLANG_WARN_UNREACHABLE_CODE = YES;
				CLANG_WARN__DUPLICATE_METHOD_MATCH = YES;
				COPY_PHASE_STRIP = NO;
				DEBUG_INFORMATION_FORMAT = dwarf;
				ENABLE_STRICT_OBJC_MSGSEND = YES;
				ENABLE_TESTABILITY = YES;
				GCC_C_LANGUAGE_STANDARD = gnu11;
				GCC_DYNAMIC_NO_PIC = NO;
				GCC_NO_COMMON_BLOCKS = YES;
				GCC_OPTIMIZATION_LEVEL = 0;
				GCC_PREPROCESSOR_DEFINITIONS = (
					"DEBUG=1",
					"$(inherited)",
				);
				GCC_WARN_64_TO_32_BIT_CONVERSION = YES;
				GCC_WARN_ABOUT_RETURN_TYPE = YES_ERROR;
				GCC_WARN_UNDECLARED_SELECTOR = YES;
				GCC_WARN_UNINITIALIZED_AUTOS = YES_AGGRESSIVE;
				GCC_WARN_UNUSED_FUNCTION = YES;
				GCC_WARN_UNUSED_VARIABLE = YES;
				IPHONEOS_DEPLOYMENT_TARGET = 9.0;
				MTL_ENABLE_DEBUG_INFO = INCLUDE_SOURCE;
				MTL_FAST_MATH = YES;
				ONLY_ACTIVE_ARCH = YES;
				SDKROOT = iphoneos;
			};
			name = Debug;
		};
		5943E1D1251443580016D02C /* Release */ = {
			isa = XCBuildConfiguration;
			buildSettings = {
				ALWAYS_SEARCH_USER_PATHS = NO;
				CLANG_ANALYZER_NONNULL = YES;
				CLANG_ANALYZER_NUMBER_OBJECT_CONVERSION = YES_AGGRESSIVE;
				CLANG_CXX_LANGUAGE_STANDARD = "gnu++14";
				CLANG_CXX_LIBRARY = "libc++";
				CLANG_ENABLE_MODULES = YES;
				CLANG_ENABLE_OBJC_ARC = YES;
				CLANG_ENABLE_OBJC_WEAK = YES;
				CLANG_WARN_BLOCK_CAPTURE_AUTORELEASING = YES;
				CLANG_WARN_BOOL_CONVERSION = YES;
				CLANG_WARN_COMMA = YES;
				CLANG_WARN_CONSTANT_CONVERSION = YES;
				CLANG_WARN_DEPRECATED_OBJC_IMPLEMENTATIONS = YES;
				CLANG_WARN_DIRECT_OBJC_ISA_USAGE = YES_ERROR;
				CLANG_WARN_DOCUMENTATION_COMMENTS = YES;
				CLANG_WARN_EMPTY_BODY = YES;
				CLANG_WARN_ENUM_CONVERSION = YES;
				CLANG_WARN_INFINITE_RECURSION = YES;
				CLANG_WARN_INT_CONVERSION = YES;
				CLANG_WARN_NON_LITERAL_NULL_CONVERSION = YES;
				CLANG_WARN_OBJC_IMPLICIT_RETAIN_SELF = YES;
				CLANG_WARN_OBJC_LITERAL_CONVERSION = YES;
				CLANG_WARN_OBJC_ROOT_CLASS = YES_ERROR;
				CLANG_WARN_RANGE_LOOP_ANALYSIS = YES;
				CLANG_WARN_STRICT_PROTOTYPES = YES;
				CLANG_WARN_SUSPICIOUS_MOVE = YES;
				CLANG_WARN_UNGUARDED_AVAILABILITY = YES_AGGRESSIVE;
				CLANG_WARN_UNREACHABLE_CODE = YES;
				CLANG_WARN__DUPLICATE_METHOD_MATCH = YES;
				COPY_PHASE_STRIP = NO;
				DEBUG_INFORMATION_FORMAT = "dwarf-with-dsym";
				ENABLE_NS_ASSERTIONS = NO;
				ENABLE_STRICT_OBJC_MSGSEND = YES;
				GCC_C_LANGUAGE_STANDARD = gnu11;
				GCC_NO_COMMON_BLOCKS = YES;
				GCC_WARN_64_TO_32_BIT_CONVERSION = YES;
				GCC_WARN_ABOUT_RETURN_TYPE = YES_ERROR;
				GCC_WARN_UNDECLARED_SELECTOR = YES;
				GCC_WARN_UNINITIALIZED_AUTOS = YES_AGGRESSIVE;
				GCC_WARN_UNUSED_FUNCTION = YES;
				GCC_WARN_UNUSED_VARIABLE = YES;
				IPHONEOS_DEPLOYMENT_TARGET = 9.0;
				MTL_ENABLE_DEBUG_INFO = NO;
				MTL_FAST_MATH = YES;
				SDKROOT = iphoneos;
				VALIDATE_PRODUCT = YES;
			};
			name = Release;
		};
		5943E1D3251443580016D02C /* Debug */ = {
			isa = XCBuildConfiguration;
			baseConfigurationReference = A095BD0248442FAD1A4F86E2 /* Pods-WQMagicImage.debug.xcconfig */;
			buildSettings = {
				ASSETCATALOG_COMPILER_APPICON_NAME = AppIcon;
				CODE_SIGN_STYLE = Automatic;
				INFOPLIST_FILE = WQMagicImage/Info.plist;
				LD_RUNPATH_SEARCH_PATHS = (
					"$(inherited)",
					"@executable_path/Frameworks",
				);
				PRODUCT_BUNDLE_IDENTIFIER = WQFPerson.WQMagicImage;
				PRODUCT_NAME = "$(TARGET_NAME)";
				TARGETED_DEVICE_FAMILY = 1;
			};
			name = Debug;
		};
		5943E1D4251443580016D02C /* Release */ = {
			isa = XCBuildConfiguration;
			baseConfigurationReference = B5A5D2C621C4893DCC21A31E /* Pods-WQMagicImage.release.xcconfig */;
			buildSettings = {
				ASSETCATALOG_COMPILER_APPICON_NAME = AppIcon;
				CODE_SIGN_STYLE = Automatic;
				INFOPLIST_FILE = WQMagicImage/Info.plist;
				LD_RUNPATH_SEARCH_PATHS = (
					"$(inherited)",
					"@executable_path/Frameworks",
				);
				PRODUCT_BUNDLE_IDENTIFIER = WQFPerson.WQMagicImage;
				PRODUCT_NAME = "$(TARGET_NAME)";
				TARGETED_DEVICE_FAMILY = 1;
			};
			name = Release;
		};
		5943E1D6251443580016D02C /* Debug */ = {
			isa = XCBuildConfiguration;
			buildSettings = {
				BUNDLE_LOADER = "$(TEST_HOST)";
				CODE_SIGN_STYLE = Automatic;
				INFOPLIST_FILE = WQMagicImageTests/Info.plist;
				IPHONEOS_DEPLOYMENT_TARGET = 13.7;
				LD_RUNPATH_SEARCH_PATHS = (
					"$(inherited)",
					"@executable_path/Frameworks",
					"@loader_path/Frameworks",
				);
				PRODUCT_BUNDLE_IDENTIFIER = WQFPerson.WQMagicImageTests;
				PRODUCT_NAME = "$(TARGET_NAME)";
				TARGETED_DEVICE_FAMILY = "1,2";
				TEST_HOST = "$(BUILT_PRODUCTS_DIR)/WQMagicImage.app/WQMagicImage";
			};
			name = Debug;
		};
		5943E1D7251443580016D02C /* Release */ = {
			isa = XCBuildConfiguration;
			buildSettings = {
				BUNDLE_LOADER = "$(TEST_HOST)";
				CODE_SIGN_STYLE = Automatic;
				INFOPLIST_FILE = WQMagicImageTests/Info.plist;
				IPHONEOS_DEPLOYMENT_TARGET = 13.7;
				LD_RUNPATH_SEARCH_PATHS = (
					"$(inherited)",
					"@executable_path/Frameworks",
					"@loader_path/Frameworks",
				);
				PRODUCT_BUNDLE_IDENTIFIER = WQFPerson.WQMagicImageTests;
				PRODUCT_NAME = "$(TARGET_NAME)";
				TARGETED_DEVICE_FAMILY = "1,2";
				TEST_HOST = "$(BUILT_PRODUCTS_DIR)/WQMagicImage.app/WQMagicImage";
			};
			name = Release;
		};
		5943E1D9251443580016D02C /* Debug */ = {
			isa = XCBuildConfiguration;
			buildSettings = {
				CODE_SIGN_STYLE = Automatic;
				INFOPLIST_FILE = WQMagicImageUITests/Info.plist;
				LD_RUNPATH_SEARCH_PATHS = (
					"$(inherited)",
					"@executable_path/Frameworks",
					"@loader_path/Frameworks",
				);
				PRODUCT_BUNDLE_IDENTIFIER = WQFPerson.WQMagicImageUITests;
				PRODUCT_NAME = "$(TARGET_NAME)";
				TARGETED_DEVICE_FAMILY = "1,2";
				TEST_TARGET_NAME = WQMagicImage;
			};
			name = Debug;
		};
		5943E1DA251443580016D02C /* Release */ = {
			isa = XCBuildConfiguration;
			buildSettings = {
				CODE_SIGN_STYLE = Automatic;
				INFOPLIST_FILE = WQMagicImageUITests/Info.plist;
				LD_RUNPATH_SEARCH_PATHS = (
					"$(inherited)",
					"@executable_path/Frameworks",
					"@loader_path/Frameworks",
				);
				PRODUCT_BUNDLE_IDENTIFIER = WQFPerson.WQMagicImageUITests;
				PRODUCT_NAME = "$(TARGET_NAME)";
				TARGETED_DEVICE_FAMILY = "1,2";
				TEST_TARGET_NAME = WQMagicImage;
			};
			name = Release;
		};
/* End XCBuildConfiguration section */

/* Begin XCConfigurationList section */
		5943E19E251443550016D02C /* Build configuration list for PBXProject "WQMagicImage" */ = {
			isa = XCConfigurationList;
			buildConfigurations = (
				5943E1D0251443580016D02C /* Debug */,
				5943E1D1251443580016D02C /* Release */,
			);
			defaultConfigurationIsVisible = 0;
			defaultConfigurationName = Release;
		};
		5943E1D2251443580016D02C /* Build configuration list for PBXNativeTarget "WQMagicImage" */ = {
			isa = XCConfigurationList;
			buildConfigurations = (
				5943E1D3251443580016D02C /* Debug */,
				5943E1D4251443580016D02C /* Release */,
			);
			defaultConfigurationIsVisible = 0;
			defaultConfigurationName = Release;
		};
		5943E1D5251443580016D02C /* Build configuration list for PBXNativeTarget "WQMagicImageTests" */ = {
			isa = XCConfigurationList;
			buildConfigurations = (
				5943E1D6251443580016D02C /* Debug */,
				5943E1D7251443580016D02C /* Release */,
			);
			defaultConfigurationIsVisible = 0;
			defaultConfigurationName = Release;
		};
		5943E1D8251443580016D02C /* Build configuration list for PBXNativeTarget "WQMagicImageUITests" */ = {
			isa = XCConfigurationList;
			buildConfigurations = (
				5943E1D9251443580016D02C /* Debug */,
				5943E1DA251443580016D02C /* Release */,
			);
			defaultConfigurationIsVisible = 0;
			defaultConfigurationName = Release;
		};
/* End XCConfigurationList section */
	};
	rootObject = 5943E19B251443550016D02C /* Project object */;
}
